
Microsoft Visual Studio Solution File, Format Version 12.00
# Visual Studio Version 17
VisualStudioVersion = 17.4.33213.308
MinimumVisualStudioVersion = 10.0.40219.1
Project("{2150E333-8FDC-42A3-9474-1A3956D46DE8}") = "Services", "Services", "{EC670D34-EF40-4D92-8F4A-7B832CC87854}"
EndProject
Project("{2150E333-8FDC-42A3-9474-1A3956D46DE8}") = "Catalog", "Catalog", "{140C20AB-1826-4F76-A8CA-FFE8AB9EC0EA}"
EndProject
Project("{9A19103F-16F7-4668-BE54-9A1E7A4F7556}") = "Catalog.API", "Services\Catalog\Catalog.API\Catalog.API.csproj", "{BB07F9E1-F751-449E-99E3-DE5AE521048A}"
EndProject
Global
	GlobalSection(SolutionConfigurationPlatforms) = preSolution
		Debug|Any CPU = Debug|Any CPU
		Release|Any CPU = Release|Any CPU
	EndGlobalSection
	GlobalSection(ProjectConfigurationPlatforms) = postSolution
		{BB07F9E1-F751-449E-99E3-DE5AE521048A}.Debug|Any CPU.ActiveCfg = Debug|Any CPU
		{BB07F9E1-F751-449E-99E3-DE5AE521048A}.Debug|Any CPU.Build.0 = Debug|Any CPU
		{BB07F9E1-F751-449E-99E3-DE5AE521048A}.Release|Any CPU.ActiveCfg = Release|Any CPU
		{BB07F9E1-F751-449E-99E3-DE5AE521048A}.Release|Any CPU.Build.0 = Release|Any CPU
	EndGlobalSection
	GlobalSection(SolutionProperties) = preSolution
		HideSolutionNode = FALSE
	EndGlobalSection
	GlobalSection(NestedProjects) = preSolution
		{140C20AB-1826-4F76-A8CA-FFE8AB9EC0EA} = {EC670D34-EF40-4D92-8F4A-7B832CC87854}
		{BB07F9E1-F751-449E-99E3-DE5AE521048A} = {140C20AB-1826-4F76-A8CA-FFE8AB9EC0EA}
	EndGlobalSection
	GlobalSection(ExtensibilityGlobals) = postSolution
		SolutionGuid = {9EB4F8D7-568E-48ED-AED3-4398E76E0EB5}
	EndGlobalSection
EndGlobal
